
Microsoft Visual Studio Solution File, Format Version 12.00
# Visual Studio 2017
Project("{FAE04EC0-301F-11D3-BF4B-00C04F79EFBC}") = "sci-fi bullethell.Plugins", "sci-fi bullethell.Plugins.csproj", "{8C77B345-86D2-BF62-461F-E3DD4C67400E}"
EndProject
Project("{FAE04EC0-301F-11D3-BF4B-00C04F79EFBC}") = "sci-fi bullethell", "sci-fi bullethell.csproj", "{5DE151E8-D75A-8EE2-0F6C-DA817EC7FF05}"
EndProject
Project("{FAE04EC0-301F-11D3-BF4B-00C04F79EFBC}") = "sci-fi bullethell.Editor", "sci-fi bullethell.Editor.csproj", "{7E57E9D7-3CAB-ED79-F062-911792AA8F7A}"
EndProject
Global
	GlobalSection(SolutionConfigurationPlatforms) = preSolution
		Debug|Any CPU = Debug|Any CPU
		Release|Any CPU = Release|Any CPU
	EndGlobalSection
	GlobalSection(ProjectConfigurationPlatforms) = postSolution
		{8C77B345-86D2-BF62-461F-E3DD4C67400E}.Debug|Any CPU.ActiveCfg = Debug|Any CPU
		{8C77B345-86D2-BF62-461F-E3DD4C67400E}.Debug|Any CPU.Build.0 = Debug|Any CPU
		{8C77B345-86D2-BF62-461F-E3DD4C67400E}.Release|Any CPU.ActiveCfg = Release|Any CPU
		{8C77B345-86D2-BF62-461F-E3DD4C67400E}.Release|Any CPU.Build.0 = Release|Any CPU
		{5DE151E8-D75A-8EE2-0F6C-DA817EC7FF05}.Debug|Any CPU.ActiveCfg = Debug|Any CPU
		{5DE151E8-D75A-8EE2-0F6C-DA817EC7FF05}.Debug|Any CPU.Build.0 = Debug|Any CPU
		{5DE151E8-D75A-8EE2-0F6C-DA817EC7FF05}.Release|Any CPU.ActiveCfg = Release|Any CPU
		{5DE151E8-D75A-8EE2-0F6C-DA817EC7FF05}.Release|Any CPU.Build.0 = Release|Any CPU
		{7E57E9D7-3CAB-ED79-F062-911792AA8F7A}.Debug|Any CPU.ActiveCfg = Debug|Any CPU
		{7E57E9D7-3CAB-ED79-F062-911792AA8F7A}.Debug|Any CPU.Build.0 = Debug|Any CPU
		{7E57E9D7-3CAB-ED79-F062-911792AA8F7A}.Release|Any CPU.ActiveCfg = Release|Any CPU
		{7E57E9D7-3CAB-ED79-F062-911792AA8F7A}.Release|Any CPU.Build.0 = Release|Any CPU
	EndGlobalSection
	GlobalSection(SolutionProperties) = preSolution
		HideSolutionNode = FALSE
	EndGlobalSection
EndGlobal
